
Microsoft Visual Studio Solution File, Format Version 11.00
# Visual Studio 2010
Project("{FAE04EC0-301F-11D3-BF4B-00C04F79EFBC}") = "ldjam39", "Assembly-CSharp.csproj", "{8600665E-72B3-80C1-FD87-729D3D49AEFD}"
EndProject
Global
	GlobalSection(SolutionConfigurationPlatforms) = preSolution
		Debug|Any CPU = Debug|Any CPU
		Release|Any CPU = Release|Any CPU
	EndGlobalSection
	GlobalSection(ProjectConfigurationPlatforms) = postSolution
		{8600665E-72B3-80C1-FD87-729D3D49AEFD}.Debug|Any CPU.ActiveCfg = Debug|Any CPU
		{8600665E-72B3-80C1-FD87-729D3D49AEFD}.Debug|Any CPU.Build.0 = Debug|Any CPU
		{8600665E-72B3-80C1-FD87-729D3D49AEFD}.Release|Any CPU.ActiveCfg = Release|Any CPU
		{8600665E-72B3-80C1-FD87-729D3D49AEFD}.Release|Any CPU.Build.0 = Release|Any CPU
	EndGlobalSection
	GlobalSection(SolutionProperties) = preSolution
		HideSolutionNode = FALSE
	EndGlobalSection
	GlobalSection(MonoDevelopProperties) = preSolution
		StartupItem = Assembly-CSharp.csproj
	EndGlobalSection
EndGlobal
